
Microsoft Visual Studio Solution File, Format Version 12.00
# Visual Studio Version 16
VisualStudioVersion = 16.0.31702.278
MinimumVisualStudioVersion = 10.0.40219.1
Project("{FAE04EC0-301F-11D3-BF4B-00C04F79EFBC}") = "04_Part", "04_Part.csproj", "{45EDCAE2-0395-4AC1-A656-FD183C1B6B49}"
EndProject
Global
	GlobalSection(SolutionConfigurationPlatforms) = preSolution
		Debug|Any CPU = Debug|Any CPU
		Release|Any CPU = Release|Any CPU
	EndGlobalSection
	GlobalSection(ProjectConfigurationPlatforms) = postSolution
		{45EDCAE2-0395-4AC1-A656-FD183C1B6B49}.Debug|Any CPU.ActiveCfg = Debug|Any CPU
		{45EDCAE2-0395-4AC1-A656-FD183C1B6B49}.Debug|Any CPU.Build.0 = Debug|Any CPU
		{45EDCAE2-0395-4AC1-A656-FD183C1B6B49}.Release|Any CPU.ActiveCfg = Release|Any CPU
		{45EDCAE2-0395-4AC1-A656-FD183C1B6B49}.Release|Any CPU.Build.0 = Release|Any CPU
	EndGlobalSection
	GlobalSection(SolutionProperties) = preSolution
		HideSolutionNode = FALSE
	EndGlobalSection
	GlobalSection(ExtensibilityGlobals) = postSolution
		SolutionGuid = {0354AE04-0577-4D7A-BB9F-A935FAFA7FB2}
	EndGlobalSection
EndGlobal
