
Microsoft Visual Studio Solution File, Format Version 12.00
# Visual Studio Version 16
VisualStudioVersion = 16.0.31702.278
MinimumVisualStudioVersion = 10.0.40219.1
Project("{FAE04EC0-301F-11D3-BF4B-00C04F79EFBC}") = "02_Part", "02_Part.csproj", "{CDF0CB64-7415-4D3F-BB26-F8290010048A}"
EndProject
Global
	GlobalSection(SolutionConfigurationPlatforms) = preSolution
		Debug|Any CPU = Debug|Any CPU
		Release|Any CPU = Release|Any CPU
	EndGlobalSection
	GlobalSection(ProjectConfigurationPlatforms) = postSolution
		{CDF0CB64-7415-4D3F-BB26-F8290010048A}.Debug|Any CPU.ActiveCfg = Debug|Any CPU
		{CDF0CB64-7415-4D3F-BB26-F8290010048A}.Debug|Any CPU.Build.0 = Debug|Any CPU
		{CDF0CB64-7415-4D3F-BB26-F8290010048A}.Release|Any CPU.ActiveCfg = Release|Any CPU
		{CDF0CB64-7415-4D3F-BB26-F8290010048A}.Release|Any CPU.Build.0 = Release|Any CPU
	EndGlobalSection
	GlobalSection(SolutionProperties) = preSolution
		HideSolutionNode = FALSE
	EndGlobalSection
	GlobalSection(ExtensibilityGlobals) = postSolution
		SolutionGuid = {0F97D7B0-DA19-492B-8278-214B5EA4D0D9}
	EndGlobalSection
EndGlobal
