
Microsoft Visual Studio Solution File, Format Version 12.00
# Visual Studio Version 16
VisualStudioVersion = 16.0.31702.278
MinimumVisualStudioVersion = 10.0.40219.1
Project("{FAE04EC0-301F-11D3-BF4B-00C04F79EFBC}") = "03_Part", "03_Part.csproj", "{5ACD1210-CAC1-4E1D-BF5B-B12C2B67B29B}"
EndProject
Global
	GlobalSection(SolutionConfigurationPlatforms) = preSolution
		Debug|Any CPU = Debug|Any CPU
		Release|Any CPU = Release|Any CPU
	EndGlobalSection
	GlobalSection(ProjectConfigurationPlatforms) = postSolution
		{5ACD1210-CAC1-4E1D-BF5B-B12C2B67B29B}.Debug|Any CPU.ActiveCfg = Debug|Any CPU
		{5ACD1210-CAC1-4E1D-BF5B-B12C2B67B29B}.Debug|Any CPU.Build.0 = Debug|Any CPU
		{5ACD1210-CAC1-4E1D-BF5B-B12C2B67B29B}.Release|Any CPU.ActiveCfg = Release|Any CPU
		{5ACD1210-CAC1-4E1D-BF5B-B12C2B67B29B}.Release|Any CPU.Build.0 = Release|Any CPU
	EndGlobalSection
	GlobalSection(SolutionProperties) = preSolution
		HideSolutionNode = FALSE
	EndGlobalSection
	GlobalSection(ExtensibilityGlobals) = postSolution
		SolutionGuid = {490A621A-9017-4572-BB8C-72E1FAD782EB}
	EndGlobalSection
EndGlobal
