
Microsoft Visual Studio Solution File, Format Version 12.00
# Visual Studio Version 16
VisualStudioVersion = 16.0.31702.278
MinimumVisualStudioVersion = 10.0.40219.1
Project("{FAE04EC0-301F-11D3-BF4B-00C04F79EFBC}") = "01_Part", "01_Part.csproj", "{1F420EFD-080E-4C6A-B961-D89BD73C01CE}"
EndProject
Global
	GlobalSection(SolutionConfigurationPlatforms) = preSolution
		Debug|Any CPU = Debug|Any CPU
		Release|Any CPU = Release|Any CPU
	EndGlobalSection
	GlobalSection(ProjectConfigurationPlatforms) = postSolution
		{1F420EFD-080E-4C6A-B961-D89BD73C01CE}.Debug|Any CPU.ActiveCfg = Debug|Any CPU
		{1F420EFD-080E-4C6A-B961-D89BD73C01CE}.Debug|Any CPU.Build.0 = Debug|Any CPU
		{1F420EFD-080E-4C6A-B961-D89BD73C01CE}.Release|Any CPU.ActiveCfg = Release|Any CPU
		{1F420EFD-080E-4C6A-B961-D89BD73C01CE}.Release|Any CPU.Build.0 = Release|Any CPU
	EndGlobalSection
	GlobalSection(SolutionProperties) = preSolution
		HideSolutionNode = FALSE
	EndGlobalSection
	GlobalSection(ExtensibilityGlobals) = postSolution
		SolutionGuid = {FD032130-6C0E-4840-94E7-6CD422A52A53}
	EndGlobalSection
EndGlobal
